
Microsoft Visual Studio Solution File, Format Version 12.00
# Visual Studio Version 16
VisualStudioVersion = 16.0.34114.132
MinimumVisualStudioVersion = 10.0.40219.1
Project("{2150E333-8FDC-42A3-9474-1A3956D46DE8}") = "Task0", "Task0", "{668388EF-6F3B-43F5-83D2-1E6DB87EA92D}"
EndProject
Project("{2150E333-8FDC-42A3-9474-1A3956D46DE8}") = "Task1", "Task1", "{9F5044EC-D9F2-4C3C-9327-696200C9BC72}"
EndProject
Project("{2150E333-8FDC-42A3-9474-1A3956D46DE8}") = "Task2", "Task2", "{84B3B72F-8BB3-477E-8A18-212E8DA3B01A}"
EndProject
Project("{2150E333-8FDC-42A3-9474-1A3956D46DE8}") = "Task3", "Task3", "{9B754F36-D454-4293-A577-78ED84245FF0}"
EndProject
Project("{2150E333-8FDC-42A3-9474-1A3956D46DE8}") = "Task4", "Task4", "{2FF668D3-C7F1-402A-8DC6-0018105779FB}"
EndProject
Project("{2150E333-8FDC-42A3-9474-1A3956D46DE8}") = "Task5", "Task5", "{7472C2FC-4924-4228-9F44-9E04CFC9B649}"
EndProject
Project("{2150E333-8FDC-42A3-9474-1A3956D46DE8}") = "Task6", "Task6", "{B207020C-4183-4690-8D68-0F0F3EACDC0B}"
EndProject
Project("{2150E333-8FDC-42A3-9474-1A3956D46DE8}") = "Task7", "Task7", "{2BB1E56E-FA03-4C88-9745-BF5B240141A9}"
EndProject
Project("{FAE04EC0-301F-11D3-BF4B-00C04F79EFBC}") = "Tyuiu.ShishkovIA.Sprint4.Task0.V11.Lib", "Tyuiu.ShishkovIA.Sprint4.Task0.V11.Lib\Tyuiu.ShishkovIA.Sprint4.Task0.V11.Lib.csproj", "{92024CF7-DE45-4C5A-BCE6-33B6299F0D98}"
EndProject
Project("{FAE04EC0-301F-11D3-BF4B-00C04F79EFBC}") = "Tyuiu.ShishkovIA.Sprint4.Task0.V11.Test", "Tyuiu.ShishkovIA.Sprint4.Task0.V11.Test\Tyuiu.ShishkovIA.Sprint4.Task0.V11.Test.csproj", "{2B7DDE48-10E0-4C37-AB60-C50F134A922F}"
EndProject
Project("{FAE04EC0-301F-11D3-BF4B-00C04F79EFBC}") = "Tyuiu.ShishkovIA.Sprint4.Task1.V13", "Tyuiu.ShishkovIA.Sprint4.Task1.V13\Tyuiu.ShishkovIA.Sprint4.Task1.V13.csproj", "{90B5230C-FDC4-4A22-98C2-231F5D3FB85B}"
EndProject
Project("{FAE04EC0-301F-11D3-BF4B-00C04F79EFBC}") = "Tyuiu.ShishkovIA.Sprint4.Task0.V11", "Tyuiu.ShishkovIA.Sprint4.Task0.V11\Tyuiu.ShishkovIA.Sprint4.Task0.V11.csproj", "{F5844679-8473-4035-BDB7-D9F4BFF56A69}"
EndProject
Project("{FAE04EC0-301F-11D3-BF4B-00C04F79EFBC}") = "Tyuiu.ShishkovIA.Sprint4.Task1.V13.Lib", "Tyuiu.ShishkovIA.Sprint4.Task1.V13.Lib\Tyuiu.ShishkovIA.Sprint4.Task1.V13.Lib.csproj", "{735B056C-CF0D-4B63-AF77-F0514DCCEF82}"
EndProject
Project("{FAE04EC0-301F-11D3-BF4B-00C04F79EFBC}") = "Tyuiu.ShishkovIA.Sprint4.Task1.V13.Test", "Tyuiu.ShishkovIA.Sprint4.Task1.V13.Test\Tyuiu.ShishkovIA.Sprint4.Task1.V13.Test.csproj", "{289B2F6F-051F-4BFF-9A7D-7940CB3929C9}"
EndProject
Project("{FAE04EC0-301F-11D3-BF4B-00C04F79EFBC}") = "Tyuiu.ShishkovIA.Sprint4.Task2.V24", "Tyuiu.ShishkovIA.Sprint4.Task2.V24\Tyuiu.ShishkovIA.Sprint4.Task2.V24.csproj", "{74B25443-8940-48AF-AADF-AF8481C4077D}"
EndProject
Project("{FAE04EC0-301F-11D3-BF4B-00C04F79EFBC}") = "Tyuiu.ShishkovIA.Sprint4.Task2.V24.Lib", "Tyuiu.ShishkovIA.Sprint4.Task2.V24.Lib\Tyuiu.ShishkovIA.Sprint4.Task2.V24.Lib.csproj", "{92D287A8-2D3E-4F8B-82E1-7F350124B6FF}"
EndProject
Project("{FAE04EC0-301F-11D3-BF4B-00C04F79EFBC}") = "Tyuiu.ShishkovIA.Sprint4.Task2.V24.Test", "Tyuiu.ShishkovIA.Sprint4.Task2.V24.Test\Tyuiu.ShishkovIA.Sprint4.Task2.V24.Test.csproj", "{6A3CCF79-B491-489E-BB58-49B03585FAEA}"
EndProject
Project("{FAE04EC0-301F-11D3-BF4B-00C04F79EFBC}") = "Tyuiu.ShishkovIA.Sprint4.Task3.V6", "Tyuiu.ShishkovIA.Sprint4.Task3.V6\Tyuiu.ShishkovIA.Sprint4.Task3.V6.csproj", "{7F171F30-E8A6-4617-88CE-555E65B3E0B3}"
EndProject
Project("{FAE04EC0-301F-11D3-BF4B-00C04F79EFBC}") = "Tyuiu.ShishkovIA.Sprint4.Task3.V6.Lib", "Tyuiu.ShishkovIA.Sprint4.Task3.V6.Lib\Tyuiu.ShishkovIA.Sprint4.Task3.V6.Lib.csproj", "{591B98F7-0DC8-4209-B640-3706DBF99751}"
EndProject
Project("{FAE04EC0-301F-11D3-BF4B-00C04F79EFBC}") = "Tyuiu.ShishkovIA.Sprint4.Task3.V6.Test", "Tyuiu.ShishkovIA.Sprint4.Task3.V6.Test\Tyuiu.ShishkovIA.Sprint4.Task3.V6.Test.csproj", "{B9216150-8EAC-42BC-8ECB-AED11B6C9126}"
EndProject
Project("{FAE04EC0-301F-11D3-BF4B-00C04F79EFBC}") = "Tyuiu.ShishkovIA.Sprint4.Task4.V13", "Tyuiu.ShishkovIA.Sprint4.Task4.V13\Tyuiu.ShishkovIA.Sprint4.Task4.V13.csproj", "{C99D5CEC-312A-4B56-982E-3ADE58565C41}"
EndProject
Project("{FAE04EC0-301F-11D3-BF4B-00C04F79EFBC}") = "Tyuiu.ShishkovIA.Sprint4.Task4.V13.Lib", "Tyuiu.ShishkovIA.Sprint4.Task4.V13.Lib\Tyuiu.ShishkovIA.Sprint4.Task4.V13.Lib.csproj", "{BACFAF36-8909-40FC-9A5C-6C0349280B24}"
EndProject
Project("{FAE04EC0-301F-11D3-BF4B-00C04F79EFBC}") = "Tyuiu.ShishkovIA.Sprint4.Task4.V13.Test", "Tyuiu.ShishkovIA.Sprint4.Task4.V13.Test\Tyuiu.ShishkovIA.Sprint4.Task4.V13.Test.csproj", "{FCB322DD-BC76-4E35-99D2-64C426C4791D}"
EndProject
Project("{FAE04EC0-301F-11D3-BF4B-00C04F79EFBC}") = "Tyuiu.ShishkovIA.Sprint4.Task5.V15", "Tyuiu.ShishkovIA.Sprint4.Task5.V15\Tyuiu.ShishkovIA.Sprint4.Task5.V15.csproj", "{BB1917D0-BD51-4379-9D9F-44D40802BD31}"
EndProject
Project("{FAE04EC0-301F-11D3-BF4B-00C04F79EFBC}") = "Tyuiu.ShishkovIA.Sprint4.Task5.V15.Lib", "Tyuiu.ShishkovIA.Sprint4.Task5.V15.Lib\Tyuiu.ShishkovIA.Sprint4.Task5.V15.Lib.csproj", "{298F98D7-6F58-4B3B-8C17-C9A5055FAF35}"
EndProject
Project("{FAE04EC0-301F-11D3-BF4B-00C04F79EFBC}") = "Tyuiu.ShishkovIA.Sprint4.Task5.V15.Test", "Tyuiu.ShishkovIA.Sprint4.Task5.V15.Test\Tyuiu.ShishkovIA.Sprint4.Task5.V15.Test.csproj", "{EE60D137-374C-4DB2-BC01-18509CCD61B5}"
EndProject
Project("{FAE04EC0-301F-11D3-BF4B-00C04F79EFBC}") = "Tyuiu.ShishkovIA.Sprint4.Task6.V13", "Tyuiu.ShishkovIA.Sprint4.Task6.V13\Tyuiu.ShishkovIA.Sprint4.Task6.V13.csproj", "{9FFA66AE-54EA-4A8E-A963-5CECDCFF1E06}"
EndProject
Project("{FAE04EC0-301F-11D3-BF4B-00C04F79EFBC}") = "Tyuiu.ShishkovIA.Sprint4.Task6.V13.Lib", "Tyuiu.ShishkovIA.Sprint4.Task6.V13.Lib\Tyuiu.ShishkovIA.Sprint4.Task6.V13.Lib.csproj", "{CEF56123-87EA-40B9-9A3C-D3A87D568691}"
EndProject
Project("{FAE04EC0-301F-11D3-BF4B-00C04F79EFBC}") = "Tyuiu.ShishkovIA.Sprint4.Task6.V13.Test", "Tyuiu.ShishkovIA.Sprint4.Task6.V13.Test\Tyuiu.ShishkovIA.Sprint4.Task6.V13.Test.csproj", "{3E1989CD-DF49-40F6-9C76-C0DCDAF06F04}"
EndProject
Project("{FAE04EC0-301F-11D3-BF4B-00C04F79EFBC}") = "Tyuiu.ShishkovIA.Sprint4.Task7.V2", "Tyuiu.ShishkovIA.Sprint4.Task7.V2\Tyuiu.ShishkovIA.Sprint4.Task7.V2.csproj", "{65067972-B45C-414A-A761-30DC7DCF1355}"
EndProject
Project("{FAE04EC0-301F-11D3-BF4B-00C04F79EFBC}") = "Tyuiu.ShishkovIA.Sprint4.Task7.V2.Lib", "Tyuiu.ShishkovIA.Sprint4.Task7.V2.Lib\Tyuiu.ShishkovIA.Sprint4.Task7.V2.Lib.csproj", "{C106CC36-54D3-4BDF-9C21-8A446B339A8E}"
EndProject
Project("{FAE04EC0-301F-11D3-BF4B-00C04F79EFBC}") = "Tyuiu.ShishkovIA.Sprint4.Task7.V2.Test", "Tyuiu.ShishkovIA.Sprint4.Task7.V2.Test\Tyuiu.ShishkovIA.Sprint4.Task7.V2.Test.csproj", "{D471D01A-4FD8-43DA-8B3D-50345DC65C9D}"
EndProject
Global
	GlobalSection(SolutionConfigurationPlatforms) = preSolution
		Debug|Any CPU = Debug|Any CPU
		Release|Any CPU = Release|Any CPU
	EndGlobalSection
	GlobalSection(ProjectConfigurationPlatforms) = postSolution
		{92024CF7-DE45-4C5A-BCE6-33B6299F0D98}.Debug|Any CPU.ActiveCfg = Debug|Any CPU
		{92024CF7-DE45-4C5A-BCE6-33B6299F0D98}.Debug|Any CPU.Build.0 = Debug|Any CPU
		{92024CF7-DE45-4C5A-BCE6-33B6299F0D98}.Release|Any CPU.ActiveCfg = Release|Any CPU
		{92024CF7-DE45-4C5A-BCE6-33B6299F0D98}.Release|Any CPU.Build.0 = Release|Any CPU
		{2B7DDE48-10E0-4C37-AB60-C50F134A922F}.Debug|Any CPU.ActiveCfg = Debug|Any CPU
		{2B7DDE48-10E0-4C37-AB60-C50F134A922F}.Debug|Any CPU.Build.0 = Debug|Any CPU
		{2B7DDE48-10E0-4C37-AB60-C50F134A922F}.Release|Any CPU.ActiveCfg = Release|Any CPU
		{2B7DDE48-10E0-4C37-AB60-C50F134A922F}.Release|Any CPU.Build.0 = Release|Any CPU
		{90B5230C-FDC4-4A22-98C2-231F5D3FB85B}.Debug|Any CPU.ActiveCfg = Debug|Any CPU
		{90B5230C-FDC4-4A22-98C2-231F5D3FB85B}.Debug|Any CPU.Build.0 = Debug|Any CPU
		{90B5230C-FDC4-4A22-98C2-231F5D3FB85B}.Release|Any CPU.ActiveCfg = Release|Any CPU
		{90B5230C-FDC4-4A22-98C2-231F5D3FB85B}.Release|Any CPU.Build.0 = Release|Any CPU
		{F5844679-8473-4035-BDB7-D9F4BFF56A69}.Debug|Any CPU.ActiveCfg = Debug|Any CPU
		{F5844679-8473-4035-BDB7-D9F4BFF56A69}.Debug|Any CPU.Build.0 = Debug|Any CPU
		{F5844679-8473-4035-BDB7-D9F4BFF56A69}.Release|Any CPU.ActiveCfg = Release|Any CPU
		{F5844679-8473-4035-BDB7-D9F4BFF56A69}.Release|Any CPU.Build.0 = Release|Any CPU
		{735B056C-CF0D-4B63-AF77-F0514DCCEF82}.Debug|Any CPU.ActiveCfg = Debug|Any CPU
		{735B056C-CF0D-4B63-AF77-F0514DCCEF82}.Debug|Any CPU.Build.0 = Debug|Any CPU
		{735B056C-CF0D-4B63-AF77-F0514DCCEF82}.Release|Any CPU.ActiveCfg = Release|Any CPU
		{735B056C-CF0D-4B63-AF77-F0514DCCEF82}.Release|Any CPU.Build.0 = Release|Any CPU
		{289B2F6F-051F-4BFF-9A7D-7940CB3929C9}.Debug|Any CPU.ActiveCfg = Debug|Any CPU
		{289B2F6F-051F-4BFF-9A7D-7940CB3929C9}.Debug|Any CPU.Build.0 = Debug|Any CPU
		{289B2F6F-051F-4BFF-9A7D-7940CB3929C9}.Release|Any CPU.ActiveCfg = Release|Any CPU
		{289B2F6F-051F-4BFF-9A7D-7940CB3929C9}.Release|Any CPU.Build.0 = Release|Any CPU
		{74B25443-8940-48AF-AADF-AF8481C4077D}.Debug|Any CPU.ActiveCfg = Debug|Any CPU
		{74B25443-8940-48AF-AADF-AF8481C4077D}.Debug|Any CPU.Build.0 = Debug|Any CPU
		{74B25443-8940-48AF-AADF-AF8481C4077D}.Release|Any CPU.ActiveCfg = Release|Any CPU
		{74B25443-8940-48AF-AADF-AF8481C4077D}.Release|Any CPU.Build.0 = Release|Any CPU
		{92D287A8-2D3E-4F8B-82E1-7F350124B6FF}.Debug|Any CPU.ActiveCfg = Debug|Any CPU
		{92D287A8-2D3E-4F8B-82E1-7F350124B6FF}.Debug|Any CPU.Build.0 = Debug|Any CPU
		{92D287A8-2D3E-4F8B-82E1-7F350124B6FF}.Release|Any CPU.ActiveCfg = Release|Any CPU
		{92D287A8-2D3E-4F8B-82E1-7F350124B6FF}.Release|Any CPU.Build.0 = Release|Any CPU
		{6A3CCF79-B491-489E-BB58-49B03585FAEA}.Debug|Any CPU.ActiveCfg = Debug|Any CPU
		{6A3CCF79-B491-489E-BB58-49B03585FAEA}.Debug|Any CPU.Build.0 = Debug|Any CPU
		{6A3CCF79-B491-489E-BB58-49B03585FAEA}.Release|Any CPU.ActiveCfg = Release|Any CPU
		{6A3CCF79-B491-489E-BB58-49B03585FAEA}.Release|Any CPU.Build.0 = Release|Any CPU
		{7F171F30-E8A6-4617-88CE-555E65B3E0B3}.Debug|Any CPU.ActiveCfg = Debug|Any CPU
		{7F171F30-E8A6-4617-88CE-555E65B3E0B3}.Debug|Any CPU.Build.0 = Debug|Any CPU
		{7F171F30-E8A6-4617-88CE-555E65B3E0B3}.Release|Any CPU.ActiveCfg = Release|Any CPU
		{7F171F30-E8A6-4617-88CE-555E65B3E0B3}.Release|Any CPU.Build.0 = Release|Any CPU
		{591B98F7-0DC8-4209-B640-3706DBF99751}.Debug|Any CPU.ActiveCfg = Debug|Any CPU
		{591B98F7-0DC8-4209-B640-3706DBF99751}.Debug|Any CPU.Build.0 = Debug|Any CPU
		{591B98F7-0DC8-4209-B640-3706DBF99751}.Release|Any CPU.ActiveCfg = Release|Any CPU
		{591B98F7-0DC8-4209-B640-3706DBF99751}.Release|Any CPU.Build.0 = Release|Any CPU
		{B9216150-8EAC-42BC-8ECB-AED11B6C9126}.Debug|Any CPU.ActiveCfg = Debug|Any CPU
		{B9216150-8EAC-42BC-8ECB-AED11B6C9126}.Debug|Any CPU.Build.0 = Debug|Any CPU
		{B9216150-8EAC-42BC-8ECB-AED11B6C9126}.Release|Any CPU.ActiveCfg = Release|Any CPU
		{B9216150-8EAC-42BC-8ECB-AED11B6C9126}.Release|Any CPU.Build.0 = Release|Any CPU
		{C99D5CEC-312A-4B56-982E-3ADE58565C41}.Debug|Any CPU.ActiveCfg = Debug|Any CPU
		{C99D5CEC-312A-4B56-982E-3ADE58565C41}.Debug|Any CPU.Build.0 = Debug|Any CPU
		{C99D5CEC-312A-4B56-982E-3ADE58565C41}.Release|Any CPU.ActiveCfg = Release|Any CPU
		{C99D5CEC-312A-4B56-982E-3ADE58565C41}.Release|Any CPU.Build.0 = Release|Any CPU
		{BACFAF36-8909-40FC-9A5C-6C0349280B24}.Debug|Any CPU.ActiveCfg = Debug|Any CPU
		{BACFAF36-8909-40FC-9A5C-6C0349280B24}.Debug|Any CPU.Build.0 = Debug|Any CPU
		{BACFAF36-8909-40FC-9A5C-6C0349280B24}.Release|Any CPU.ActiveCfg = Release|Any CPU
		{BACFAF36-8909-40FC-9A5C-6C0349280B24}.Release|Any CPU.Build.0 = Release|Any CPU
		{FCB322DD-BC76-4E35-99D2-64C426C4791D}.Debug|Any CPU.ActiveCfg = Debug|Any CPU
		{FCB322DD-BC76-4E35-99D2-64C426C4791D}.Debug|Any CPU.Build.0 = Debug|Any CPU
		{FCB322DD-BC76-4E35-99D2-64C426C4791D}.Release|Any CPU.ActiveCfg = Release|Any CPU
		{FCB322DD-BC76-4E35-99D2-64C426C4791D}.Release|Any CPU.Build.0 = Release|Any CPU
		{BB1917D0-BD51-4379-9D9F-44D40802BD31}.Debug|Any CPU.ActiveCfg = Debug|Any CPU
		{BB1917D0-BD51-4379-9D9F-44D40802BD31}.Debug|Any CPU.Build.0 = Debug|Any CPU
		{BB1917D0-BD51-4379-9D9F-44D40802BD31}.Release|Any CPU.ActiveCfg = Release|Any CPU
		{BB1917D0-BD51-4379-9D9F-44D40802BD31}.Release|Any CPU.Build.0 = Release|Any CPU
		{298F98D7-6F58-4B3B-8C17-C9A5055FAF35}.Debug|Any CPU.ActiveCfg = Debug|Any CPU
		{298F98D7-6F58-4B3B-8C17-C9A5055FAF35}.Debug|Any CPU.Build.0 = Debug|Any CPU
		{298F98D7-6F58-4B3B-8C17-C9A5055FAF35}.Release|Any CPU.ActiveCfg = Release|Any CPU
		{298F98D7-6F58-4B3B-8C17-C9A5055FAF35}.Release|Any CPU.Build.0 = Release|Any CPU
		{EE60D137-374C-4DB2-BC01-18509CCD61B5}.Debug|Any CPU.ActiveCfg = Debug|Any CPU
		{EE60D137-374C-4DB2-BC01-18509CCD61B5}.Debug|Any CPU.Build.0 = Debug|Any CPU
		{EE60D137-374C-4DB2-BC01-18509CCD61B5}.Release|Any CPU.ActiveCfg = Release|Any CPU
		{EE60D137-374C-4DB2-BC01-18509CCD61B5}.Release|Any CPU.Build.0 = Release|Any CPU
		{9FFA66AE-54EA-4A8E-A963-5CECDCFF1E06}.Debug|Any CPU.ActiveCfg = Debug|Any CPU
		{9FFA66AE-54EA-4A8E-A963-5CECDCFF1E06}.Debug|Any CPU.Build.0 = Debug|Any CPU
		{9FFA66AE-54EA-4A8E-A963-5CECDCFF1E06}.Release|Any CPU.ActiveCfg = Release|Any CPU
		{9FFA66AE-54EA-4A8E-A963-5CECDCFF1E06}.Release|Any CPU.Build.0 = Release|Any CPU
		{CEF56123-87EA-40B9-9A3C-D3A87D568691}.Debug|Any CPU.ActiveCfg = Debug|Any CPU
		{CEF56123-87EA-40B9-9A3C-D3A87D568691}.Debug|Any CPU.Build.0 = Debug|Any CPU
		{CEF56123-87EA-40B9-9A3C-D3A87D568691}.Release|Any CPU.ActiveCfg = Release|Any CPU
		{CEF56123-87EA-40B9-9A3C-D3A87D568691}.Release|Any CPU.Build.0 = Release|Any CPU
		{3E1989CD-DF49-40F6-9C76-C0DCDAF06F04}.Debug|Any CPU.ActiveCfg = Debug|Any CPU
		{3E1989CD-DF49-40F6-9C76-C0DCDAF06F04}.Debug|Any CPU.Build.0 = Debug|Any CPU
		{3E1989CD-DF49-40F6-9C76-C0DCDAF06F04}.Release|Any CPU.ActiveCfg = Release|Any CPU
		{3E1989CD-DF49-40F6-9C76-C0DCDAF06F04}.Release|Any CPU.Build.0 = Release|Any CPU
		{65067972-B45C-414A-A761-30DC7DCF1355}.Debug|Any CPU.ActiveCfg = Debug|Any CPU
		{65067972-B45C-414A-A761-30DC7DCF1355}.Debug|Any CPU.Build.0 = Debug|Any CPU
		{65067972-B45C-414A-A761-30DC7DCF1355}.Release|Any CPU.ActiveCfg = Release|Any CPU
		{65067972-B45C-414A-A761-30DC7DCF1355}.Release|Any CPU.Build.0 = Release|Any CPU
		{C106CC36-54D3-4BDF-9C21-8A446B339A8E}.Debug|Any CPU.ActiveCfg = Debug|Any CPU
		{C106CC36-54D3-4BDF-9C21-8A446B339A8E}.Debug|Any CPU.Build.0 = Debug|Any CPU
		{C106CC36-54D3-4BDF-9C21-8A446B339A8E}.Release|Any CPU.ActiveCfg = Release|Any CPU
		{C106CC36-54D3-4BDF-9C21-8A446B339A8E}.Release|Any CPU.Build.0 = Release|Any CPU
		{D471D01A-4FD8-43DA-8B3D-50345DC65C9D}.Debug|Any CPU.ActiveCfg = Debug|Any CPU
		{D471D01A-4FD8-43DA-8B3D-50345DC65C9D}.Debug|Any CPU.Build.0 = Debug|Any CPU
		{D471D01A-4FD8-43DA-8B3D-50345DC65C9D}.Release|Any CPU.ActiveCfg = Release|Any CPU
		{D471D01A-4FD8-43DA-8B3D-50345DC65C9D}.Release|Any CPU.Build.0 = Release|Any CPU
	EndGlobalSection
	GlobalSection(SolutionProperties) = preSolution
		HideSolutionNode = FALSE
	EndGlobalSection
	GlobalSection(NestedProjects) = preSolution
		{92024CF7-DE45-4C5A-BCE6-33B6299F0D98} = {668388EF-6F3B-43F5-83D2-1E6DB87EA92D}
		{2B7DDE48-10E0-4C37-AB60-C50F134A922F} = {668388EF-6F3B-43F5-83D2-1E6DB87EA92D}
		{90B5230C-FDC4-4A22-98C2-231F5D3FB85B} = {9F5044EC-D9F2-4C3C-9327-696200C9BC72}
		{F5844679-8473-4035-BDB7-D9F4BFF56A69} = {668388EF-6F3B-43F5-83D2-1E6DB87EA92D}
		{735B056C-CF0D-4B63-AF77-F0514DCCEF82} = {9F5044EC-D9F2-4C3C-9327-696200C9BC72}
		{289B2F6F-051F-4BFF-9A7D-7940CB3929C9} = {9F5044EC-D9F2-4C3C-9327-696200C9BC72}
		{74B25443-8940-48AF-AADF-AF8481C4077D} = {84B3B72F-8BB3-477E-8A18-212E8DA3B01A}
		{92D287A8-2D3E-4F8B-82E1-7F350124B6FF} = {84B3B72F-8BB3-477E-8A18-212E8DA3B01A}
		{6A3CCF79-B491-489E-BB58-49B03585FAEA} = {84B3B72F-8BB3-477E-8A18-212E8DA3B01A}
		{7F171F30-E8A6-4617-88CE-555E65B3E0B3} = {9B754F36-D454-4293-A577-78ED84245FF0}
		{591B98F7-0DC8-4209-B640-3706DBF99751} = {9B754F36-D454-4293-A577-78ED84245FF0}
		{B9216150-8EAC-42BC-8ECB-AED11B6C9126} = {9B754F36-D454-4293-A577-78ED84245FF0}
		{C99D5CEC-312A-4B56-982E-3ADE58565C41} = {2FF668D3-C7F1-402A-8DC6-0018105779FB}
		{BACFAF36-8909-40FC-9A5C-6C0349280B24} = {2FF668D3-C7F1-402A-8DC6-0018105779FB}
		{FCB322DD-BC76-4E35-99D2-64C426C4791D} = {2FF668D3-C7F1-402A-8DC6-0018105779FB}
		{BB1917D0-BD51-4379-9D9F-44D40802BD31} = {7472C2FC-4924-4228-9F44-9E04CFC9B649}
		{298F98D7-6F58-4B3B-8C17-C9A5055FAF35} = {7472C2FC-4924-4228-9F44-9E04CFC9B649}
		{EE60D137-374C-4DB2-BC01-18509CCD61B5} = {7472C2FC-4924-4228-9F44-9E04CFC9B649}
		{9FFA66AE-54EA-4A8E-A963-5CECDCFF1E06} = {B207020C-4183-4690-8D68-0F0F3EACDC0B}
		{CEF56123-87EA-40B9-9A3C-D3A87D568691} = {B207020C-4183-4690-8D68-0F0F3EACDC0B}
		{3E1989CD-DF49-40F6-9C76-C0DCDAF06F04} = {B207020C-4183-4690-8D68-0F0F3EACDC0B}
		{65067972-B45C-414A-A761-30DC7DCF1355} = {2BB1E56E-FA03-4C88-9745-BF5B240141A9}
		{C106CC36-54D3-4BDF-9C21-8A446B339A8E} = {2BB1E56E-FA03-4C88-9745-BF5B240141A9}
		{D471D01A-4FD8-43DA-8B3D-50345DC65C9D} = {2BB1E56E-FA03-4C88-9745-BF5B240141A9}
	EndGlobalSection
	GlobalSection(ExtensibilityGlobals) = postSolution
		SolutionGuid = {A0AF1A77-B154-4BD1-B0C1-BAE7E172BEC4}
	EndGlobalSection
EndGlobal
