
Microsoft Visual Studio Solution File, Format Version 12.00
# Visual Studio Version 16
VisualStudioVersion = 16.0.34114.132
MinimumVisualStudioVersion = 10.0.40219.1
Project("{2150E333-8FDC-42A3-9474-1A3956D46DE8}") = "Task0", "Task0", "{668388EF-6F3B-43F5-83D2-1E6DB87EA92D}"
EndProject
Project("{2150E333-8FDC-42A3-9474-1A3956D46DE8}") = "Task1", "Task1", "{9F5044EC-D9F2-4C3C-9327-696200C9BC72}"
EndProject
Project("{2150E333-8FDC-42A3-9474-1A3956D46DE8}") = "Task2", "Task2", "{84B3B72F-8BB3-477E-8A18-212E8DA3B01A}"
EndProject
Project("{2150E333-8FDC-42A3-9474-1A3956D46DE8}") = "Task3", "Task3", "{9B754F36-D454-4293-A577-78ED84245FF0}"
EndProject
Project("{2150E333-8FDC-42A3-9474-1A3956D46DE8}") = "Task4", "Task4", "{2FF668D3-C7F1-402A-8DC6-0018105779FB}"
EndProject
Project("{2150E333-8FDC-42A3-9474-1A3956D46DE8}") = "Task5", "Task5", "{7472C2FC-4924-4228-9F44-9E04CFC9B649}"
EndProject
Project("{2150E333-8FDC-42A3-9474-1A3956D46DE8}") = "Task6", "Task6", "{B207020C-4183-4690-8D68-0F0F3EACDC0B}"
EndProject
Project("{2150E333-8FDC-42A3-9474-1A3956D46DE8}") = "Task7", "Task7", "{2BB1E56E-FA03-4C88-9745-BF5B240141A9}"
EndProject
Project("{FAE04EC0-301F-11D3-BF4B-00C04F79EFBC}") = "Tyuiu.ShishkovIA.Sprint4.Task0.V11.Lib", "Tyuiu.ShishkovIA.Sprint4.Task0.V11.Lib\Tyuiu.ShishkovIA.Sprint4.Task0.V11.Lib.csproj", "{92024CF7-DE45-4C5A-BCE6-33B6299F0D98}"
EndProject
Project("{FAE04EC0-301F-11D3-BF4B-00C04F79EFBC}") = "Tyuiu.ShishkovIA.Sprint4.Task0.V11.Test", "Tyuiu.ShishkovIA.Sprint4.Task0.V11.Test\Tyuiu.ShishkovIA.Sprint4.Task0.V11.Test.csproj", "{2B7DDE48-10E0-4C37-AB60-C50F134A922F}"
EndProject
Project("{FAE04EC0-301F-11D3-BF4B-00C04F79EFBC}") = "Tyuiu.ShishkovIA.Sprint4.Task1.V13", "Tyuiu.ShishkovIA.Sprint4.Task1.V13\Tyuiu.ShishkovIA.Sprint4.Task1.V13.csproj", "{90B5230C-FDC4-4A22-98C2-231F5D3FB85B}"
EndProject
Project("{FAE04EC0-301F-11D3-BF4B-00C04F79EFBC}") = "Tyuiu.ShishkovIA.Sprint4.Task0.V11", "Tyuiu.ShishkovIA.Sprint4.Task0.V11\Tyuiu.ShishkovIA.Sprint4.Task0.V11.csproj", "{F5844679-8473-4035-BDB7-D9F4BFF56A69}"
EndProject
Project("{FAE04EC0-301F-11D3-BF4B-00C04F79EFBC}") = "Tyuiu.ShishkovIA.Sprint4.Task1.V13.Lib", "Tyuiu.ShishkovIA.Sprint4.Task1.V13.Lib\Tyuiu.ShishkovIA.Sprint4.Task1.V13.Lib.csproj", "{735B056C-CF0D-4B63-AF77-F0514DCCEF82}"
EndProject
Project("{FAE04EC0-301F-11D3-BF4B-00C04F79EFBC}") = "Tyuiu.ShishkovIA.Sprint4.Task1.V13.Test", "Tyuiu.ShishkovIA.Sprint4.Task1.V13.Test\Tyuiu.ShishkovIA.Sprint4.Task1.V13.Test.csproj", "{289B2F6F-051F-4BFF-9A7D-7940CB3929C9}"
EndProject
Project("{FAE04EC0-301F-11D3-BF4B-00C04F79EFBC}") = "Tyuiu.ShishkovIA.Sprint4.Task2.V24", "Tyuiu.ShishkovIA.Sprint4.Task2.V24\Tyuiu.ShishkovIA.Sprint4.Task2.V24.csproj", "{74B25443-8940-48AF-AADF-AF8481C4077D}"
EndProject
Project("{FAE04EC0-301F-11D3-BF4B-00C04F79EFBC}") = "Tyuiu.ShishkovIA.Sprint4.Task2.V24.Lib", "Tyuiu.ShishkovIA.Sprint4.Task2.V24.Lib\Tyuiu.ShishkovIA.Sprint4.Task2.V24.Lib.csproj", "{92D287A8-2D3E-4F8B-82E1-7F350124B6FF}"
EndProject
Project("{FAE04EC0-301F-11D3-BF4B-00C04F79EFBC}") = "Tyuiu.ShishkovIA.Sprint4.Task2.V24.Test", "Tyuiu.ShishkovIA.Sprint4.Task2.V24.Test\Tyuiu.ShishkovIA.Sprint4.Task2.V24.Test.csproj", "{6A3CCF79-B491-489E-BB58-49B03585FAEA}"
EndProject
Project("{FAE04EC0-301F-11D3-BF4B-00C04F79EFBC}") = "Tyuiu.ShishkovIA.Sprint4.Task3.V6", "Tyuiu.ShishkovIA.Sprint4.Task3.V6\Tyuiu.ShishkovIA.Sprint4.Task3.V6.csproj", "{7F171F30-E8A6-4617-88CE-555E65B3E0B3}"
EndProject
Project("{FAE04EC0-301F-11D3-BF4B-00C04F79EFBC}") = "Tyuiu.ShishkovIA.Sprint4.Task3.V6.Lib", "Tyuiu.ShishkovIA.Sprint4.Task3.V6.Lib\Tyuiu.ShishkovIA.Sprint4.Task3.V6.Lib.csproj", "{591B98F7-0DC8-4209-B640-3706DBF99751}"
EndProject
Project("{FAE04EC0-301F-11D3-BF4B-00C04F79EFBC}") = "Tyuiu.ShishkovIA.Sprint4.Task3.V6.Test", "Tyuiu.ShishkovIA.Sprint4.Task3.V6.Test\Tyuiu.ShishkovIA.Sprint4.Task3.V6.Test.csproj", "{B9216150-8EAC-42BC-8ECB-AED11B6C9126}"
EndProject
Global
	GlobalSection(SolutionConfigurationPlatforms) = preSolution
		Debug|Any CPU = Debug|Any CPU
		Release|Any CPU = Release|Any CPU
	EndGlobalSection
	GlobalSection(ProjectConfigurationPlatforms) = postSolution
		{92024CF7-DE45-4C5A-BCE6-33B6299F0D98}.Debug|Any CPU.ActiveCfg = Debug|Any CPU
		{92024CF7-DE45-4C5A-BCE6-33B6299F0D98}.Debug|Any CPU.Build.0 = Debug|Any CPU
		{92024CF7-DE45-4C5A-BCE6-33B6299F0D98}.Release|Any CPU.ActiveCfg = Release|Any CPU
		{92024CF7-DE45-4C5A-BCE6-33B6299F0D98}.Release|Any CPU.Build.0 = Release|Any CPU
		{2B7DDE48-10E0-4C37-AB60-C50F134A922F}.Debug|Any CPU.ActiveCfg = Debug|Any CPU
		{2B7DDE48-10E0-4C37-AB60-C50F134A922F}.Debug|Any CPU.Build.0 = Debug|Any CPU
		{2B7DDE48-10E0-4C37-AB60-C50F134A922F}.Release|Any CPU.ActiveCfg = Release|Any CPU
		{2B7DDE48-10E0-4C37-AB60-C50F134A922F}.Release|Any CPU.Build.0 = Release|Any CPU
		{90B5230C-FDC4-4A22-98C2-231F5D3FB85B}.Debug|Any CPU.ActiveCfg = Debug|Any CPU
		{90B5230C-FDC4-4A22-98C2-231F5D3FB85B}.Debug|Any CPU.Build.0 = Debug|Any CPU
		{90B5230C-FDC4-4A22-98C2-231F5D3FB85B}.Release|Any CPU.ActiveCfg = Release|Any CPU
		{90B5230C-FDC4-4A22-98C2-231F5D3FB85B}.Release|Any CPU.Build.0 = Release|Any CPU
		{F5844679-8473-4035-BDB7-D9F4BFF56A69}.Debug|Any CPU.ActiveCfg = Debug|Any CPU
		{F5844679-8473-4035-BDB7-D9F4BFF56A69}.Debug|Any CPU.Build.0 = Debug|Any CPU
		{F5844679-8473-4035-BDB7-D9F4BFF56A69}.Release|Any CPU.ActiveCfg = Release|Any CPU
		{F5844679-8473-4035-BDB7-D9F4BFF56A69}.Release|Any CPU.Build.0 = Release|Any CPU
		{735B056C-CF0D-4B63-AF77-F0514DCCEF82}.Debug|Any CPU.ActiveCfg = Debug|Any CPU
		{735B056C-CF0D-4B63-AF77-F0514DCCEF82}.Debug|Any CPU.Build.0 = Debug|Any CPU
		{735B056C-CF0D-4B63-AF77-F0514DCCEF82}.Release|Any CPU.ActiveCfg = Release|Any CPU
		{735B056C-CF0D-4B63-AF77-F0514DCCEF82}.Release|Any CPU.Build.0 = Release|Any CPU
		{289B2F6F-051F-4BFF-9A7D-7940CB3929C9}.Debug|Any CPU.ActiveCfg = Debug|Any CPU
		{289B2F6F-051F-4BFF-9A7D-7940CB3929C9}.Debug|Any CPU.Build.0 = Debug|Any CPU
		{289B2F6F-051F-4BFF-9A7D-7940CB3929C9}.Release|Any CPU.ActiveCfg = Release|Any CPU
		{289B2F6F-051F-4BFF-9A7D-7940CB3929C9}.Release|Any CPU.Build.0 = Release|Any CPU
		{74B25443-8940-48AF-AADF-AF8481C4077D}.Debug|Any CPU.ActiveCfg = Debug|Any CPU
		{74B25443-8940-48AF-AADF-AF8481C4077D}.Debug|Any CPU.Build.0 = Debug|Any CPU
		{74B25443-8940-48AF-AADF-AF8481C4077D}.Release|Any CPU.ActiveCfg = Release|Any CPU
		{74B25443-8940-48AF-AADF-AF8481C4077D}.Release|Any CPU.Build.0 = Release|Any CPU
		{92D287A8-2D3E-4F8B-82E1-7F350124B6FF}.Debug|Any CPU.ActiveCfg = Debug|Any CPU
		{92D287A8-2D3E-4F8B-82E1-7F350124B6FF}.Debug|Any CPU.Build.0 = Debug|Any CPU
		{92D287A8-2D3E-4F8B-82E1-7F350124B6FF}.Release|Any CPU.ActiveCfg = Release|Any CPU
		{92D287A8-2D3E-4F8B-82E1-7F350124B6FF}.Release|Any CPU.Build.0 = Release|Any CPU
		{6A3CCF79-B491-489E-BB58-49B03585FAEA}.Debug|Any CPU.ActiveCfg = Debug|Any CPU
		{6A3CCF79-B491-489E-BB58-49B03585FAEA}.Debug|Any CPU.Build.0 = Debug|Any CPU
		{6A3CCF79-B491-489E-BB58-49B03585FAEA}.Release|Any CPU.ActiveCfg = Release|Any CPU
		{6A3CCF79-B491-489E-BB58-49B03585FAEA}.Release|Any CPU.Build.0 = Release|Any CPU
		{7F171F30-E8A6-4617-88CE-555E65B3E0B3}.Debug|Any CPU.ActiveCfg = Debug|Any CPU
		{7F171F30-E8A6-4617-88CE-555E65B3E0B3}.Debug|Any CPU.Build.0 = Debug|Any CPU
		{7F171F30-E8A6-4617-88CE-555E65B3E0B3}.Release|Any CPU.ActiveCfg = Release|Any CPU
		{7F171F30-E8A6-4617-88CE-555E65B3E0B3}.Release|Any CPU.Build.0 = Release|Any CPU
		{591B98F7-0DC8-4209-B640-3706DBF99751}.Debug|Any CPU.ActiveCfg = Debug|Any CPU
		{591B98F7-0DC8-4209-B640-3706DBF99751}.Debug|Any CPU.Build.0 = Debug|Any CPU
		{591B98F7-0DC8-4209-B640-3706DBF99751}.Release|Any CPU.ActiveCfg = Release|Any CPU
		{591B98F7-0DC8-4209-B640-3706DBF99751}.Release|Any CPU.Build.0 = Release|Any CPU
		{B9216150-8EAC-42BC-8ECB-AED11B6C9126}.Debug|Any CPU.ActiveCfg = Debug|Any CPU
		{B9216150-8EAC-42BC-8ECB-AED11B6C9126}.Debug|Any CPU.Build.0 = Debug|Any CPU
		{B9216150-8EAC-42BC-8ECB-AED11B6C9126}.Release|Any CPU.ActiveCfg = Release|Any CPU
		{B9216150-8EAC-42BC-8ECB-AED11B6C9126}.Release|Any CPU.Build.0 = Release|Any CPU
	EndGlobalSection
	GlobalSection(SolutionProperties) = preSolution
		HideSolutionNode = FALSE
	EndGlobalSection
	GlobalSection(NestedProjects) = preSolution
		{92024CF7-DE45-4C5A-BCE6-33B6299F0D98} = {668388EF-6F3B-43F5-83D2-1E6DB87EA92D}
		{2B7DDE48-10E0-4C37-AB60-C50F134A922F} = {668388EF-6F3B-43F5-83D2-1E6DB87EA92D}
		{90B5230C-FDC4-4A22-98C2-231F5D3FB85B} = {9F5044EC-D9F2-4C3C-9327-696200C9BC72}
		{F5844679-8473-4035-BDB7-D9F4BFF56A69} = {668388EF-6F3B-43F5-83D2-1E6DB87EA92D}
		{735B056C-CF0D-4B63-AF77-F0514DCCEF82} = {9F5044EC-D9F2-4C3C-9327-696200C9BC72}
		{289B2F6F-051F-4BFF-9A7D-7940CB3929C9} = {9F5044EC-D9F2-4C3C-9327-696200C9BC72}
		{74B25443-8940-48AF-AADF-AF8481C4077D} = {84B3B72F-8BB3-477E-8A18-212E8DA3B01A}
		{92D287A8-2D3E-4F8B-82E1-7F350124B6FF} = {84B3B72F-8BB3-477E-8A18-212E8DA3B01A}
		{6A3CCF79-B491-489E-BB58-49B03585FAEA} = {84B3B72F-8BB3-477E-8A18-212E8DA3B01A}
		{7F171F30-E8A6-4617-88CE-555E65B3E0B3} = {9B754F36-D454-4293-A577-78ED84245FF0}
		{591B98F7-0DC8-4209-B640-3706DBF99751} = {9B754F36-D454-4293-A577-78ED84245FF0}
		{B9216150-8EAC-42BC-8ECB-AED11B6C9126} = {9B754F36-D454-4293-A577-78ED84245FF0}
	EndGlobalSection
	GlobalSection(ExtensibilityGlobals) = postSolution
		SolutionGuid = {A0AF1A77-B154-4BD1-B0C1-BAE7E172BEC4}
	EndGlobalSection
EndGlobal
